{
	"name": "STLibraryApp",
	"version": "2.1.5",
	"lockfileVersion": 3,
	"requires": true,
	"packages": {
		"": {
			"version": "2.1.5",
			"dependencies": {
				"vue-barcode-reader": "^1.0.3"
			},
			"engines": {
				"HBuilderX": "^3.2.6"
			}
		},
		"node_modules/@zxing/library": {
			"version": "0.19.3",
			"resolved": "https://registry.npmjs.org/@zxing/library/-/library-0.19.3.tgz",
			"integrity": "sha512-RUv5svewpDoD0ymXleOP8yVTO5BLkR0zn5coGC/Vs1671u0OBJ4xdtR8WVWf08OcvrieEMHdSfQY3ZKtqII/hg==",
			"dependencies": {
				"ts-custom-error": "^3.2.1"
			},
			"engines": {
				"node": ">= 10.4.0"
			},
			"optionalDependencies": {
				"@zxing/text-encoding": "~0.9.0"
			}
		},
		"node_modules/@zxing/text-encoding": {
			"version": "0.9.0",
			"resolved": "https://registry.npmjs.org/@zxing/text-encoding/-/text-encoding-0.9.0.tgz",
			"integrity": "sha512-U/4aVJ2mxI0aDNI8Uq0wEhMgY+u4CNtEb0om3+y3+niDAsoTCOB33UF0sxpzqzdqXLqmvc+vZyAt4O8pPdfkwA==",
			"optional": true
		},
		"node_modules/ts-custom-error": {
			"version": "3.3.1",
			"resolved": "https://registry.npmjs.org/ts-custom-error/-/ts-custom-error-3.3.1.tgz",
			"integrity": "sha512-5OX1tzOjxWEgsr/YEUWSuPrQ00deKLh6D7OTWcvNHm12/7QPyRh8SYpyWvA4IZv8H/+GQWQEh/kwo95Q9OVW1A==",
			"engines": {
				"node": ">=14.0.0"
			}
		},
		"node_modules/vue-barcode-reader": {
			"version": "1.0.3",
			"resolved": "https://registry.npmjs.org/vue-barcode-reader/-/vue-barcode-reader-1.0.3.tgz",
			"integrity": "sha512-z4mv7+ai/8vECppBTb00tHnyFMMx6W1rAaQe+v214ihoaWK9iGrn8ZZsmgSxf3lwnrtGaibLdkonTtMrGsO+dA==",
			"dependencies": {
				"@zxing/library": "^0.19.1"
			}
		}
	}
}
